
Microsoft Visual Studio Solution File, Format Version 12.00
# Visual Studio Version 17
VisualStudioVersion = 17.3.32825.248
MinimumVisualStudioVersion = 10.0.40219.1
Project("{2150E333-8FDC-42A3-9474-1A3956D46DE8}") = "Services", "Services", "{C04867E9-F2DF-4ECE-B03C-39DD4130DAB0}"
EndProject
Project("{2150E333-8FDC-42A3-9474-1A3956D46DE8}") = "Catalog", "Catalog", "{78157AED-837C-47D4-BA3B-AEED769FA789}"
EndProject
Project("{9A19103F-16F7-4668-BE54-9A1E7A4F7556}") = "Catalog.API", "Services\Catalog\Catalog.API\Catalog.API.csproj", "{B3641713-5CAA-4D1C-80B6-F268E39FC790}"
EndProject
Project("{E53339B2-1760-4266-BCC7-CA923CBCF16C}") = "docker-compose", "docker-compose.dcproj", "{89628021-D3BD-47C4-ABEB-6B34CC60C844}"
EndProject
Project("{2150E333-8FDC-42A3-9474-1A3956D46DE8}") = "Basket", "Basket", "{BEADCEE3-62F3-440E-835F-5CA9511F86DF}"
EndProject
Project("{9A19103F-16F7-4668-BE54-9A1E7A4F7556}") = "Basket.API", "Services\Basket\Basket.API\Basket.API.csproj", "{BB39014D-7586-4EA0-9A5C-C66605DF2DE7}"
EndProject
Project("{2150E333-8FDC-42A3-9474-1A3956D46DE8}") = "Discount", "Discount", "{54A94782-4ADC-4B19-A11C-D64B3A27BEED}"
EndProject
Project("{9A19103F-16F7-4668-BE54-9A1E7A4F7556}") = "Discount.API", "Services\Discount\Discount.API\Discount.API.csproj", "{30204B80-E468-4B78-9030-9EE37614716B}"
EndProject
Project("{9A19103F-16F7-4668-BE54-9A1E7A4F7556}") = "Discount.Grpc", "Services\Discount\Discount.Grpc\Discount.Grpc.csproj", "{5E066847-A376-4D8F-9855-C1022C41F7D1}"
EndProject
Project("{2150E333-8FDC-42A3-9474-1A3956D46DE8}") = "Ordering", "Ordering", "{B680EA6D-4D3F-49B8-94A0-8A36D577E802}"
EndProject
Project("{FAE04EC0-301F-11D3-BF4B-00C04F79EFBC}") = "Ordering.API", "Services\Ordering\Ordering.API\Ordering.API.csproj", "{FBEC9862-3F44-4161-8B8E-68B1922F7AA5}"
EndProject
Project("{FAE04EC0-301F-11D3-BF4B-00C04F79EFBC}") = "Ordering.Domain", "Services\Ordering\Ordering.Domain\Ordering.Domain.csproj", "{33992F07-4621-4A65-9502-33E9E92520E3}"
EndProject
Project("{FAE04EC0-301F-11D3-BF4B-00C04F79EFBC}") = "Ordering.Application", "Services\Ordering\Ordering.Application\Ordering.Application.csproj", "{C1325FA0-0359-4D41-9C2C-6F67464A0A12}"
EndProject
Project("{FAE04EC0-301F-11D3-BF4B-00C04F79EFBC}") = "Ordering.Infrastructure", "Services\Ordering\Ordering.Infrastructure\Ordering.Infrastructure.csproj", "{85A34FA1-72CD-43B0-8B55-B9772A64E8E4}"
EndProject
Global
	GlobalSection(SolutionConfigurationPlatforms) = preSolution
		Debug|Any CPU = Debug|Any CPU
		Release|Any CPU = Release|Any CPU
	EndGlobalSection
	GlobalSection(ProjectConfigurationPlatforms) = postSolution
		{B3641713-5CAA-4D1C-80B6-F268E39FC790}.Debug|Any CPU.ActiveCfg = Debug|Any CPU
		{B3641713-5CAA-4D1C-80B6-F268E39FC790}.Debug|Any CPU.Build.0 = Debug|Any CPU
		{B3641713-5CAA-4D1C-80B6-F268E39FC790}.Release|Any CPU.ActiveCfg = Release|Any CPU
		{B3641713-5CAA-4D1C-80B6-F268E39FC790}.Release|Any CPU.Build.0 = Release|Any CPU
		{89628021-D3BD-47C4-ABEB-6B34CC60C844}.Debug|Any CPU.ActiveCfg = Debug|Any CPU
		{89628021-D3BD-47C4-ABEB-6B34CC60C844}.Debug|Any CPU.Build.0 = Debug|Any CPU
		{89628021-D3BD-47C4-ABEB-6B34CC60C844}.Release|Any CPU.ActiveCfg = Release|Any CPU
		{89628021-D3BD-47C4-ABEB-6B34CC60C844}.Release|Any CPU.Build.0 = Release|Any CPU
		{BB39014D-7586-4EA0-9A5C-C66605DF2DE7}.Debug|Any CPU.ActiveCfg = Debug|Any CPU
		{BB39014D-7586-4EA0-9A5C-C66605DF2DE7}.Debug|Any CPU.Build.0 = Debug|Any CPU
		{BB39014D-7586-4EA0-9A5C-C66605DF2DE7}.Release|Any CPU.ActiveCfg = Release|Any CPU
		{BB39014D-7586-4EA0-9A5C-C66605DF2DE7}.Release|Any CPU.Build.0 = Release|Any CPU
		{30204B80-E468-4B78-9030-9EE37614716B}.Debug|Any CPU.ActiveCfg = Debug|Any CPU
		{30204B80-E468-4B78-9030-9EE37614716B}.Debug|Any CPU.Build.0 = Debug|Any CPU
		{30204B80-E468-4B78-9030-9EE37614716B}.Release|Any CPU.ActiveCfg = Release|Any CPU
		{30204B80-E468-4B78-9030-9EE37614716B}.Release|Any CPU.Build.0 = Release|Any CPU
		{5E066847-A376-4D8F-9855-C1022C41F7D1}.Debug|Any CPU.ActiveCfg = Debug|Any CPU
		{5E066847-A376-4D8F-9855-C1022C41F7D1}.Debug|Any CPU.Build.0 = Debug|Any CPU
		{5E066847-A376-4D8F-9855-C1022C41F7D1}.Release|Any CPU.ActiveCfg = Release|Any CPU
		{5E066847-A376-4D8F-9855-C1022C41F7D1}.Release|Any CPU.Build.0 = Release|Any CPU
		{FBEC9862-3F44-4161-8B8E-68B1922F7AA5}.Debug|Any CPU.ActiveCfg = Debug|Any CPU
		{FBEC9862-3F44-4161-8B8E-68B1922F7AA5}.Debug|Any CPU.Build.0 = Debug|Any CPU
		{FBEC9862-3F44-4161-8B8E-68B1922F7AA5}.Release|Any CPU.ActiveCfg = Release|Any CPU
		{FBEC9862-3F44-4161-8B8E-68B1922F7AA5}.Release|Any CPU.Build.0 = Release|Any CPU
		{33992F07-4621-4A65-9502-33E9E92520E3}.Debug|Any CPU.ActiveCfg = Debug|Any CPU
		{33992F07-4621-4A65-9502-33E9E92520E3}.Debug|Any CPU.Build.0 = Debug|Any CPU
		{33992F07-4621-4A65-9502-33E9E92520E3}.Release|Any CPU.ActiveCfg = Release|Any CPU
		{33992F07-4621-4A65-9502-33E9E92520E3}.Release|Any CPU.Build.0 = Release|Any CPU
		{C1325FA0-0359-4D41-9C2C-6F67464A0A12}.Debug|Any CPU.ActiveCfg = Debug|Any CPU
		{C1325FA0-0359-4D41-9C2C-6F67464A0A12}.Debug|Any CPU.Build.0 = Debug|Any CPU
		{C1325FA0-0359-4D41-9C2C-6F67464A0A12}.Release|Any CPU.ActiveCfg = Release|Any CPU
		{C1325FA0-0359-4D41-9C2C-6F67464A0A12}.Release|Any CPU.Build.0 = Release|Any CPU
		{85A34FA1-72CD-43B0-8B55-B9772A64E8E4}.Debug|Any CPU.ActiveCfg = Debug|Any CPU
		{85A34FA1-72CD-43B0-8B55-B9772A64E8E4}.Debug|Any CPU.Build.0 = Debug|Any CPU
		{85A34FA1-72CD-43B0-8B55-B9772A64E8E4}.Release|Any CPU.ActiveCfg = Release|Any CPU
		{85A34FA1-72CD-43B0-8B55-B9772A64E8E4}.Release|Any CPU.Build.0 = Release|Any CPU
	EndGlobalSection
	GlobalSection(SolutionProperties) = preSolution
		HideSolutionNode = FALSE
	EndGlobalSection
	GlobalSection(NestedProjects) = preSolution
		{78157AED-837C-47D4-BA3B-AEED769FA789} = {C04867E9-F2DF-4ECE-B03C-39DD4130DAB0}
		{B3641713-5CAA-4D1C-80B6-F268E39FC790} = {78157AED-837C-47D4-BA3B-AEED769FA789}
		{BEADCEE3-62F3-440E-835F-5CA9511F86DF} = {C04867E9-F2DF-4ECE-B03C-39DD4130DAB0}
		{BB39014D-7586-4EA0-9A5C-C66605DF2DE7} = {BEADCEE3-62F3-440E-835F-5CA9511F86DF}
		{54A94782-4ADC-4B19-A11C-D64B3A27BEED} = {C04867E9-F2DF-4ECE-B03C-39DD4130DAB0}
		{30204B80-E468-4B78-9030-9EE37614716B} = {54A94782-4ADC-4B19-A11C-D64B3A27BEED}
		{5E066847-A376-4D8F-9855-C1022C41F7D1} = {54A94782-4ADC-4B19-A11C-D64B3A27BEED}
		{B680EA6D-4D3F-49B8-94A0-8A36D577E802} = {C04867E9-F2DF-4ECE-B03C-39DD4130DAB0}
		{FBEC9862-3F44-4161-8B8E-68B1922F7AA5} = {B680EA6D-4D3F-49B8-94A0-8A36D577E802}
		{33992F07-4621-4A65-9502-33E9E92520E3} = {B680EA6D-4D3F-49B8-94A0-8A36D577E802}
		{C1325FA0-0359-4D41-9C2C-6F67464A0A12} = {B680EA6D-4D3F-49B8-94A0-8A36D577E802}
		{85A34FA1-72CD-43B0-8B55-B9772A64E8E4} = {B680EA6D-4D3F-49B8-94A0-8A36D577E802}
	EndGlobalSection
	GlobalSection(ExtensibilityGlobals) = postSolution
		SolutionGuid = {DCEE858C-7F3F-48D2-9354-62DE26198F5B}
	EndGlobalSection
EndGlobal
